
Microsoft Visual Studio Solution File, Format Version 12.00
# Visual Studio Version 17
VisualStudioVersion = 17.3.32804.467
MinimumVisualStudioVersion = 10.0.40219.1
Project("{FAE04EC0-301F-11D3-BF4B-00C04F79EFBC}") = "RabbitMQ_UR", "RabbitMQ_UR\RabbitMQ_UR.csproj", "{91189625-9E45-479B-A44E-AB1787534B43}"
EndProject
Global
	GlobalSection(SolutionConfigurationPlatforms) = preSolution
		Debug|Any CPU = Debug|Any CPU
		Release|Any CPU = Release|Any CPU
	EndGlobalSection
	GlobalSection(ProjectConfigurationPlatforms) = postSolution
		{91189625-9E45-479B-A44E-AB1787534B43}.Debug|Any CPU.ActiveCfg = Debug|Any CPU
		{91189625-9E45-479B-A44E-AB1787534B43}.Debug|Any CPU.Build.0 = Debug|Any CPU
		{91189625-9E45-479B-A44E-AB1787534B43}.Release|Any CPU.ActiveCfg = Release|Any CPU
		{91189625-9E45-479B-A44E-AB1787534B43}.Release|Any CPU.Build.0 = Release|Any CPU
	EndGlobalSection
	GlobalSection(SolutionProperties) = preSolution
		HideSolutionNode = FALSE
	EndGlobalSection
	GlobalSection(ExtensibilityGlobals) = postSolution
		SolutionGuid = {F0CAAA1A-15DD-4734-BF9B-69D23CBAAD73}
	EndGlobalSection
EndGlobal
