
Microsoft Visual Studio Solution File, Format Version 12.00
# Visual Studio Version 17
VisualStudioVersion = 17.3.32804.467
MinimumVisualStudioVersion = 10.0.40219.1
Project("{9A19103F-16F7-4668-BE54-9A1E7A4F7556}") = "RabbitMQ_UR", "RabbitMQ_UR\RabbitMQ_UR.csproj", "{91189625-9E45-479B-A44E-AB1787534B43}"
EndProject
Project("{9A19103F-16F7-4668-BE54-9A1E7A4F7556}") = "Api_universal-robots-rmq", "Api_universal-robots-rmq\Api_universal-robots-rmq.csproj", "{6FA40A73-FFE2-494A-9077-F1939653F480}"
EndProject
Project("{9A19103F-16F7-4668-BE54-9A1E7A4F7556}") = "MessageModel", "MessageModel\MessageModel.csproj", "{2DC1E56E-E0D8-43D6-B350-28502DB997A4}"
EndProject
Project("{FAE04EC0-301F-11D3-BF4B-00C04F79EFBC}") = "AndroidMobileApp", "AndroidMobileApp\AndroidMobileApp.csproj", "{AA299E41-04E5-46CD-8D3C-80E5BEC6DCD8}"
EndProject
Global
	GlobalSection(SolutionConfigurationPlatforms) = preSolution
		Debug|Any CPU = Debug|Any CPU
		Release|Any CPU = Release|Any CPU
	EndGlobalSection
	GlobalSection(ProjectConfigurationPlatforms) = postSolution
		{91189625-9E45-479B-A44E-AB1787534B43}.Debug|Any CPU.ActiveCfg = Debug|Any CPU
		{91189625-9E45-479B-A44E-AB1787534B43}.Debug|Any CPU.Build.0 = Debug|Any CPU
		{91189625-9E45-479B-A44E-AB1787534B43}.Release|Any CPU.ActiveCfg = Release|Any CPU
		{91189625-9E45-479B-A44E-AB1787534B43}.Release|Any CPU.Build.0 = Release|Any CPU
		{6FA40A73-FFE2-494A-9077-F1939653F480}.Debug|Any CPU.ActiveCfg = Debug|Any CPU
		{6FA40A73-FFE2-494A-9077-F1939653F480}.Debug|Any CPU.Build.0 = Debug|Any CPU
		{6FA40A73-FFE2-494A-9077-F1939653F480}.Release|Any CPU.ActiveCfg = Release|Any CPU
		{6FA40A73-FFE2-494A-9077-F1939653F480}.Release|Any CPU.Build.0 = Release|Any CPU
		{2DC1E56E-E0D8-43D6-B350-28502DB997A4}.Debug|Any CPU.ActiveCfg = Debug|Any CPU
		{2DC1E56E-E0D8-43D6-B350-28502DB997A4}.Debug|Any CPU.Build.0 = Debug|Any CPU
		{2DC1E56E-E0D8-43D6-B350-28502DB997A4}.Release|Any CPU.ActiveCfg = Release|Any CPU
		{2DC1E56E-E0D8-43D6-B350-28502DB997A4}.Release|Any CPU.Build.0 = Release|Any CPU
		{AA299E41-04E5-46CD-8D3C-80E5BEC6DCD8}.Debug|Any CPU.ActiveCfg = Debug|Any CPU
		{AA299E41-04E5-46CD-8D3C-80E5BEC6DCD8}.Debug|Any CPU.Build.0 = Debug|Any CPU
		{AA299E41-04E5-46CD-8D3C-80E5BEC6DCD8}.Debug|Any CPU.Deploy.0 = Debug|Any CPU
		{AA299E41-04E5-46CD-8D3C-80E5BEC6DCD8}.Release|Any CPU.ActiveCfg = Release|Any CPU
		{AA299E41-04E5-46CD-8D3C-80E5BEC6DCD8}.Release|Any CPU.Build.0 = Release|Any CPU
		{AA299E41-04E5-46CD-8D3C-80E5BEC6DCD8}.Release|Any CPU.Deploy.0 = Release|Any CPU
	EndGlobalSection
	GlobalSection(SolutionProperties) = preSolution
		HideSolutionNode = FALSE
	EndGlobalSection
	GlobalSection(ExtensibilityGlobals) = postSolution
		SolutionGuid = {F0CAAA1A-15DD-4734-BF9B-69D23CBAAD73}
	EndGlobalSection
EndGlobal
